
Microsoft Visual Studio Solution File, Format Version 12.00
# Visual Studio Version 17
VisualStudioVersion = 17.14.36429.23 d17.14
MinimumVisualStudioVersion = 10.0.40219.1
Project("{FAE04EC0-301F-11D3-BF4B-00C04F79EFBC}") = "OnlineNotePad", "OnlineNotePad\OnlineNotePad.csproj", "{40F2F8C1-CBB6-458C-8670-BFA63937B90D}"
EndProject
Global
	GlobalSection(SolutionConfigurationPlatforms) = preSolution
		Debug|Any CPU = Debug|Any CPU
		Release|Any CPU = Release|Any CPU
	EndGlobalSection
	GlobalSection(ProjectConfigurationPlatforms) = postSolution
		{40F2F8C1-CBB6-458C-8670-BFA63937B90D}.Debug|Any CPU.ActiveCfg = Debug|Any CPU
		{40F2F8C1-CBB6-458C-8670-BFA63937B90D}.Debug|Any CPU.Build.0 = Debug|Any CPU
		{40F2F8C1-CBB6-458C-8670-BFA63937B90D}.Release|Any CPU.ActiveCfg = Release|Any CPU
		{40F2F8C1-CBB6-458C-8670-BFA63937B90D}.Release|Any CPU.Build.0 = Release|Any CPU
	EndGlobalSection
	GlobalSection(SolutionProperties) = preSolution
		HideSolutionNode = FALSE
	EndGlobalSection
	GlobalSection(ExtensibilityGlobals) = postSolution
		SolutionGuid = {5A7D9AA6-9C2E-460A-AC75-5269CD55D9FD}
	EndGlobalSection
EndGlobal
